version = 1
revision = 2
requires-python = ">=3.13"

[[package]]
name = "lefthook"
version = "1.11.13"
source = { registry = "https://pypi.org/simple" }
sdist = { url = "https://files.pythonhosted.org/packages/36/84/07633188c49b0bedd13851bb49f89e224bcdbaaa792dbaf26863da83931a/lefthook-1.11.13.tar.gz", hash = "sha256:5e8d2c0d99b39bca7efff99f971a41cd1c8ad5db82c087d2a54eca8203745738", size = 49479895, upload-time = "2025-05-16T06:54:39.512Z" }
wheels = [
    { url = "https://files.pythonhosted.org/packages/08/0f/4ac809a1a005ba393ab5fa05a0731f4b5614e47d5ec2023421df97e172db/lefthook-1.11.13-py3-none-any.whl", hash = "sha256:b868faee65329949d607189a6db5c431c61f6d7bccb477e31a9544f929d1896c", size = 49719067, upload-time = "2025-05-16T06:54:35.218Z" },
]

[[package]]
name = "python-template"
version = "0.1.0"
source = { virtual = "." }

[package.dev-dependencies]
dev = [
    { name = "lefthook" },
]

[package.metadata]

[package.metadata.requires-dev]
dev = [{ name = "lefthook", specifier = "==1.11.13" }]
